
Microsoft Visual Studio Solution File, Format Version 12.00
# Visual Studio Version 16
VisualStudioVersion = 16.0.29306.81
MinimumVisualStudioVersion = 15.0.26124.0
Project("{9A19103F-16F7-4668-BE54-9A1E7A4F7556}") = "Calculator.Tests", "Calculator.Tests\Calculator.Tests.csproj", "{D88EA4E9-F74C-4B7D-B3D6-7B7B3A1BEE52}"
EndProject
Project("{9A19103F-16F7-4668-BE54-9A1E7A4F7556}") = "Calculator", "Calculator\Calculator.csproj", "{231DBFD8-722D-44DD-8F82-23B5FDDD1B7E}"
EndProject
Project("{9A19103F-16F7-4668-BE54-9A1E7A4F7556}") = "InMemorySample.Test", "..\calculator\InMemorySample\InMemorySample.Test.csproj", "{2B0CDEAE-784F-4BA1-9077-833E0A8D6FB4}"
EndProject
Project("{9A19103F-16F7-4668-BE54-9A1E7A4F7556}") = "Sample", "..\calculator\Sample\Sample.csproj", "{10EED0E0-44C9-40FD-B57D-E699C544E897}"
EndProject
Global
	GlobalSection(SolutionConfigurationPlatforms) = preSolution
		Debug|Any CPU = Debug|Any CPU
		Debug|x64 = Debug|x64
		Debug|x86 = Debug|x86
		Release|Any CPU = Release|Any CPU
		Release|x64 = Release|x64
		Release|x86 = Release|x86
	EndGlobalSection
	GlobalSection(ProjectConfigurationPlatforms) = postSolution
		{D88EA4E9-F74C-4B7D-B3D6-7B7B3A1BEE52}.Debug|Any CPU.ActiveCfg = Debug|Any CPU
		{D88EA4E9-F74C-4B7D-B3D6-7B7B3A1BEE52}.Debug|Any CPU.Build.0 = Debug|Any CPU
		{D88EA4E9-F74C-4B7D-B3D6-7B7B3A1BEE52}.Debug|x64.ActiveCfg = Debug|Any CPU
		{D88EA4E9-F74C-4B7D-B3D6-7B7B3A1BEE52}.Debug|x64.Build.0 = Debug|Any CPU
		{D88EA4E9-F74C-4B7D-B3D6-7B7B3A1BEE52}.Debug|x86.ActiveCfg = Debug|Any CPU
		{D88EA4E9-F74C-4B7D-B3D6-7B7B3A1BEE52}.Debug|x86.Build.0 = Debug|Any CPU
		{D88EA4E9-F74C-4B7D-B3D6-7B7B3A1BEE52}.Release|Any CPU.ActiveCfg = Release|Any CPU
		{D88EA4E9-F74C-4B7D-B3D6-7B7B3A1BEE52}.Release|Any CPU.Build.0 = Release|Any CPU
		{D88EA4E9-F74C-4B7D-B3D6-7B7B3A1BEE52}.Release|x64.ActiveCfg = Release|Any CPU
		{D88EA4E9-F74C-4B7D-B3D6-7B7B3A1BEE52}.Release|x64.Build.0 = Release|Any CPU
		{D88EA4E9-F74C-4B7D-B3D6-7B7B3A1BEE52}.Release|x86.ActiveCfg = Release|Any CPU
		{D88EA4E9-F74C-4B7D-B3D6-7B7B3A1BEE52}.Release|x86.Build.0 = Release|Any CPU
		{231DBFD8-722D-44DD-8F82-23B5FDDD1B7E}.Debug|Any CPU.ActiveCfg = Debug|Any CPU
		{231DBFD8-722D-44DD-8F82-23B5FDDD1B7E}.Debug|Any CPU.Build.0 = Debug|Any CPU
		{231DBFD8-722D-44DD-8F82-23B5FDDD1B7E}.Debug|x64.ActiveCfg = Debug|Any CPU
		{231DBFD8-722D-44DD-8F82-23B5FDDD1B7E}.Debug|x64.Build.0 = Debug|Any CPU
		{231DBFD8-722D-44DD-8F82-23B5FDDD1B7E}.Debug|x86.ActiveCfg = Debug|Any CPU
		{231DBFD8-722D-44DD-8F82-23B5FDDD1B7E}.Debug|x86.Build.0 = Debug|Any CPU
		{231DBFD8-722D-44DD-8F82-23B5FDDD1B7E}.Release|Any CPU.ActiveCfg = Release|Any CPU
		{231DBFD8-722D-44DD-8F82-23B5FDDD1B7E}.Release|Any CPU.Build.0 = Release|Any CPU
		{231DBFD8-722D-44DD-8F82-23B5FDDD1B7E}.Release|x64.ActiveCfg = Release|Any CPU
		{231DBFD8-722D-44DD-8F82-23B5FDDD1B7E}.Release|x64.Build.0 = Release|Any CPU
		{231DBFD8-722D-44DD-8F82-23B5FDDD1B7E}.Release|x86.ActiveCfg = Release|Any CPU
		{231DBFD8-722D-44DD-8F82-23B5FDDD1B7E}.Release|x86.Build.0 = Release|Any CPU
		{2B0CDEAE-784F-4BA1-9077-833E0A8D6FB4}.Debug|Any CPU.ActiveCfg = Debug|Any CPU
		{2B0CDEAE-784F-4BA1-9077-833E0A8D6FB4}.Debug|Any CPU.Build.0 = Debug|Any CPU
		{2B0CDEAE-784F-4BA1-9077-833E0A8D6FB4}.Debug|x64.ActiveCfg = Debug|Any CPU
		{2B0CDEAE-784F-4BA1-9077-833E0A8D6FB4}.Debug|x64.Build.0 = Debug|Any CPU
		{2B0CDEAE-784F-4BA1-9077-833E0A8D6FB4}.Debug|x86.ActiveCfg = Debug|Any CPU
		{2B0CDEAE-784F-4BA1-9077-833E0A8D6FB4}.Debug|x86.Build.0 = Debug|Any CPU
		{2B0CDEAE-784F-4BA1-9077-833E0A8D6FB4}.Release|Any CPU.ActiveCfg = Release|Any CPU
		{2B0CDEAE-784F-4BA1-9077-833E0A8D6FB4}.Release|Any CPU.Build.0 = Release|Any CPU
		{2B0CDEAE-784F-4BA1-9077-833E0A8D6FB4}.Release|x64.ActiveCfg = Release|Any CPU
		{2B0CDEAE-784F-4BA1-9077-833E0A8D6FB4}.Release|x64.Build.0 = Release|Any CPU
		{2B0CDEAE-784F-4BA1-9077-833E0A8D6FB4}.Release|x86.ActiveCfg = Release|Any CPU
		{2B0CDEAE-784F-4BA1-9077-833E0A8D6FB4}.Release|x86.Build.0 = Release|Any CPU
		{10EED0E0-44C9-40FD-B57D-E699C544E897}.Debug|Any CPU.ActiveCfg = Debug|Any CPU
		{10EED0E0-44C9-40FD-B57D-E699C544E897}.Debug|Any CPU.Build.0 = Debug|Any CPU
		{10EED0E0-44C9-40FD-B57D-E699C544E897}.Debug|x64.ActiveCfg = Debug|Any CPU
		{10EED0E0-44C9-40FD-B57D-E699C544E897}.Debug|x64.Build.0 = Debug|Any CPU
		{10EED0E0-44C9-40FD-B57D-E699C544E897}.Debug|x86.ActiveCfg = Debug|Any CPU
		{10EED0E0-44C9-40FD-B57D-E699C544E897}.Debug|x86.Build.0 = Debug|Any CPU
		{10EED0E0-44C9-40FD-B57D-E699C544E897}.Release|Any CPU.ActiveCfg = Release|Any CPU
		{10EED0E0-44C9-40FD-B57D-E699C544E897}.Release|Any CPU.Build.0 = Release|Any CPU
		{10EED0E0-44C9-40FD-B57D-E699C544E897}.Release|x64.ActiveCfg = Release|Any CPU
		{10EED0E0-44C9-40FD-B57D-E699C544E897}.Release|x64.Build.0 = Release|Any CPU
		{10EED0E0-44C9-40FD-B57D-E699C544E897}.Release|x86.ActiveCfg = Release|Any CPU
		{10EED0E0-44C9-40FD-B57D-E699C544E897}.Release|x86.Build.0 = Release|Any CPU
	EndGlobalSection
	GlobalSection(SolutionProperties) = preSolution
		HideSolutionNode = FALSE
	EndGlobalSection
	GlobalSection(ExtensibilityGlobals) = postSolution
		SolutionGuid = {4D9E66DE-E5EF-49DA-9A3B-BD4F6CD55BE3}
	EndGlobalSection
EndGlobal
